
Microsoft Visual Studio Solution File, Format Version 12.00
# Visual Studio Version 17
VisualStudioVersion = 17.5.33502.453
MinimumVisualStudioVersion = 10.0.40219.1
Project("{9A19103F-16F7-4668-BE54-9A1E7A4F7556}") = "rouletteApp", "rouletteApp\rouletteApp.csproj", "{1D8D643A-AEBA-4E93-B32D-24274962F316}"
EndProject
Project("{FAE04EC0-301F-11D3-BF4B-00C04F79EFBC}") = "rouletteAppTests", "rouletteAppTests\rouletteAppTests.csproj", "{764304A8-BD89-4BD1-A603-D0364BA5AA56}"
EndProject
Global
	GlobalSection(SolutionConfigurationPlatforms) = preSolution
		Debug|Any CPU = Debug|Any CPU
		Release|Any CPU = Release|Any CPU
	EndGlobalSection
	GlobalSection(ProjectConfigurationPlatforms) = postSolution
		{1D8D643A-AEBA-4E93-B32D-24274962F316}.Debug|Any CPU.ActiveCfg = Debug|Any CPU
		{1D8D643A-AEBA-4E93-B32D-24274962F316}.Debug|Any CPU.Build.0 = Debug|Any CPU
		{1D8D643A-AEBA-4E93-B32D-24274962F316}.Release|Any CPU.ActiveCfg = Release|Any CPU
		{1D8D643A-AEBA-4E93-B32D-24274962F316}.Release|Any CPU.Build.0 = Release|Any CPU
		{764304A8-BD89-4BD1-A603-D0364BA5AA56}.Debug|Any CPU.ActiveCfg = Debug|Any CPU
		{764304A8-BD89-4BD1-A603-D0364BA5AA56}.Debug|Any CPU.Build.0 = Debug|Any CPU
		{764304A8-BD89-4BD1-A603-D0364BA5AA56}.Release|Any CPU.ActiveCfg = Release|Any CPU
		{764304A8-BD89-4BD1-A603-D0364BA5AA56}.Release|Any CPU.Build.0 = Release|Any CPU
	EndGlobalSection
	GlobalSection(SolutionProperties) = preSolution
		HideSolutionNode = FALSE
	EndGlobalSection
	GlobalSection(ExtensibilityGlobals) = postSolution
		SolutionGuid = {91BC78A4-E60D-4A63-9830-9931EE3DF911}
	EndGlobalSection
EndGlobal
